
Microsoft Visual Studio Solution File, Format Version 12.00
# Visual Studio 15
VisualStudioVersion = 15.0.28307.1778
MinimumVisualStudioVersion = 10.0.40219.1
Project("{8BC9CEB8-8B4A-11D0-8D11-00A0C91BC942}") = "List_01", "List_01\List_01.vcxproj", "{E8F4E088-41FB-4327-9E8F-E20CE80F6FF3}"
EndProject
Project("{8BC9CEB8-8B4A-11D0-8D11-00A0C91BC942}") = "List_02", "List_02\List_02.vcxproj", "{91F72D1B-9EC8-4FC1-BEF4-8E5BC0DB2524}"
EndProject
Project("{8BC9CEB8-8B4A-11D0-8D11-00A0C91BC942}") = "Update", "Update\Update.vcxproj", "{017CA6DD-AE65-4438-B4EF-CE691E3030E3}"
EndProject
Global
	GlobalSection(SolutionConfigurationPlatforms) = preSolution
		Debug|x64 = Debug|x64
		Debug|x86 = Debug|x86
		Release|x64 = Release|x64
		Release|x86 = Release|x86
	EndGlobalSection
	GlobalSection(ProjectConfigurationPlatforms) = postSolution
		{E8F4E088-41FB-4327-9E8F-E20CE80F6FF3}.Debug|x64.ActiveCfg = Debug|x64
		{E8F4E088-41FB-4327-9E8F-E20CE80F6FF3}.Debug|x64.Build.0 = Debug|x64
		{E8F4E088-41FB-4327-9E8F-E20CE80F6FF3}.Debug|x86.ActiveCfg = Debug|Win32
		{E8F4E088-41FB-4327-9E8F-E20CE80F6FF3}.Debug|x86.Build.0 = Debug|Win32
		{E8F4E088-41FB-4327-9E8F-E20CE80F6FF3}.Release|x64.ActiveCfg = Release|x64
		{E8F4E088-41FB-4327-9E8F-E20CE80F6FF3}.Release|x64.Build.0 = Release|x64
		{E8F4E088-41FB-4327-9E8F-E20CE80F6FF3}.Release|x86.ActiveCfg = Release|Win32
		{E8F4E088-41FB-4327-9E8F-E20CE80F6FF3}.Release|x86.Build.0 = Release|Win32
		{91F72D1B-9EC8-4FC1-BEF4-8E5BC0DB2524}.Debug|x64.ActiveCfg = Debug|x64
		{91F72D1B-9EC8-4FC1-BEF4-8E5BC0DB2524}.Debug|x64.Build.0 = Debug|x64
		{91F72D1B-9EC8-4FC1-BEF4-8E5BC0DB2524}.Debug|x86.ActiveCfg = Debug|Win32
		{91F72D1B-9EC8-4FC1-BEF4-8E5BC0DB2524}.Debug|x86.Build.0 = Debug|Win32
		{91F72D1B-9EC8-4FC1-BEF4-8E5BC0DB2524}.Release|x64.ActiveCfg = Release|x64
		{91F72D1B-9EC8-4FC1-BEF4-8E5BC0DB2524}.Release|x64.Build.0 = Release|x64
		{91F72D1B-9EC8-4FC1-BEF4-8E5BC0DB2524}.Release|x86.ActiveCfg = Release|Win32
		{91F72D1B-9EC8-4FC1-BEF4-8E5BC0DB2524}.Release|x86.Build.0 = Release|Win32
		{017CA6DD-AE65-4438-B4EF-CE691E3030E3}.Debug|x64.ActiveCfg = Debug|x64
		{017CA6DD-AE65-4438-B4EF-CE691E3030E3}.Debug|x64.Build.0 = Debug|x64
		{017CA6DD-AE65-4438-B4EF-CE691E3030E3}.Debug|x86.ActiveCfg = Debug|Win32
		{017CA6DD-AE65-4438-B4EF-CE691E3030E3}.Debug|x86.Build.0 = Debug|Win32
		{017CA6DD-AE65-4438-B4EF-CE691E3030E3}.Release|x64.ActiveCfg = Release|x64
		{017CA6DD-AE65-4438-B4EF-CE691E3030E3}.Release|x64.Build.0 = Release|x64
		{017CA6DD-AE65-4438-B4EF-CE691E3030E3}.Release|x86.ActiveCfg = Release|Win32
		{017CA6DD-AE65-4438-B4EF-CE691E3030E3}.Release|x86.Build.0 = Release|Win32
	EndGlobalSection
	GlobalSection(SolutionProperties) = preSolution
		HideSolutionNode = FALSE
	EndGlobalSection
	GlobalSection(ExtensibilityGlobals) = postSolution
		SolutionGuid = {FDAF768D-5DBE-4DCE-A5DA-E0B11C00F14C}
	EndGlobalSection
EndGlobal
